
Microsoft Visual Studio Solution File, Format Version 12.00
# Visual Studio 15
VisualStudioVersion = 15.0.27428.2027
MinimumVisualStudioVersion = 10.0.40219.1
Project("{FAE04EC0-301F-11D3-BF4B-00C04F79EFBC}") = "Well Chosen", "Well Choosen\Well Chosen.csproj", "{CAE04C8C-D94C-4955-8DA2-934A53B3F349}"
EndProject
Global
	GlobalSection(SolutionConfigurationPlatforms) = preSolution
		Debug|Any CPU = Debug|Any CPU
		Release|Any CPU = Release|Any CPU
	EndGlobalSection
	GlobalSection(ProjectConfigurationPlatforms) = postSolution
		{CAE04C8C-D94C-4955-8DA2-934A53B3F349}.Debug|Any CPU.ActiveCfg = Debug|Any CPU
		{CAE04C8C-D94C-4955-8DA2-934A53B3F349}.Debug|Any CPU.Build.0 = Debug|Any CPU
		{CAE04C8C-D94C-4955-8DA2-934A53B3F349}.Release|Any CPU.ActiveCfg = Release|Any CPU
		{CAE04C8C-D94C-4955-8DA2-934A53B3F349}.Release|Any CPU.Build.0 = Release|Any CPU
	EndGlobalSection
	GlobalSection(SolutionProperties) = preSolution
		HideSolutionNode = FALSE
	EndGlobalSection
	GlobalSection(ExtensibilityGlobals) = postSolution
		SolutionGuid = {53D58F13-14F0-4ACF-900E-273CA290BB49}
	EndGlobalSection
EndGlobal
